
Microsoft Visual Studio Solution File, Format Version 12.00
# Visual Studio Version 17
VisualStudioVersion = 17.5.33424.131
MinimumVisualStudioVersion = 10.0.40219.1
Project("{FAE04EC0-301F-11D3-BF4B-00C04F79EFBC}") = "MegaMoviesApi", "MegaMoviesApi\MegaMoviesApi.csproj", "{70CAA5AE-EFAD-42E6-B2BE-DE40B6B37783}"
EndProject
Global
	GlobalSection(SolutionConfigurationPlatforms) = preSolution
		Debug|Any CPU = Debug|Any CPU
		Release|Any CPU = Release|Any CPU
	EndGlobalSection
	GlobalSection(ProjectConfigurationPlatforms) = postSolution
		{70CAA5AE-EFAD-42E6-B2BE-DE40B6B37783}.Debug|Any CPU.ActiveCfg = Debug|Any CPU
		{70CAA5AE-EFAD-42E6-B2BE-DE40B6B37783}.Debug|Any CPU.Build.0 = Debug|Any CPU
		{70CAA5AE-EFAD-42E6-B2BE-DE40B6B37783}.Release|Any CPU.ActiveCfg = Release|Any CPU
		{70CAA5AE-EFAD-42E6-B2BE-DE40B6B37783}.Release|Any CPU.Build.0 = Release|Any CPU
	EndGlobalSection
	GlobalSection(SolutionProperties) = preSolution
		HideSolutionNode = FALSE
	EndGlobalSection
	GlobalSection(ExtensibilityGlobals) = postSolution
		SolutionGuid = {52C59307-6B9A-4F85-8355-6A8AAA6C4458}
	EndGlobalSection
EndGlobal
